<?xml version="1.0" encoding="utf-8"?>
<Project ToolsVersion="4.0" xmlns="http://schemas.microsoft.com/developer/msbuild/2003">
  <ItemGroup>
    <Filter Include="源文件">
      <UniqueIdentifier>{4FC737F1-C7A5-4376-A066-2A32D752A2FF}</UniqueIdentifier>
      <Extensions>cpp;c;cc;cxx;c++;cppm;ixx;def;odl;idl;hpj;bat;asm;asmx</Extensions>
    </Filter>
    <Filter Include="头文件">
      <UniqueIdentifier>{93995380-89BD-4b04-88EB-625FBE52EBFB}</UniqueIdentifier>
      <Extensions>h;hh;hpp;hxx;h++;hm;inl;inc;ipp;xsd</Extensions>
    </Filter>
    <Filter Include="资源文件">
      <UniqueIdentifier>{67DA6AB6-F800-4c08-8B7A-83BB121AAD01}</UniqueIdentifier>
      <Extensions>rc;ico;cur;bmp;dlg;rc2;rct;bin;rgs;gif;jpg;jpeg;jpe;resx;tiff;tif;png;wav;mfcribbon-ms</Extensions>
    </Filter>
  </ItemGroup>
  <ItemGroup>
    <ClInclude Include="ExpandableArrayList.hpp">
      <Filter>头文件</Filter>
    </ClInclude>
    <ClInclude Include="catch.hpp">
      <Filter>头文件</Filter>
    </ClInclude>
    <ClInclude Include="DbLinkedList.hpp">
      <Filter>头文件</Filter>
    </ClInclude>
    <ClInclude Include="DbListNode.hpp">
      <Filter>头文件</Filter>
    </ClInclude>
    <ClInclude Include="ExpandableLinkedHashTable.hpp">
      <Filter>头文件</Filter>
    </ClInclude>
    <ClInclude Include="memory_leak.h">
      <Filter>头文件</Filter>
    </ClInclude>
    <ClInclude Include="WUSGraph.hpp">
      <Filter>头文件</Filter>
    </ClInclude>
    <ClInclude Include="Neighbors.hpp">
      <Filter>头文件</Filter>
    </ClInclude>
    <ClInclude Include="Deque.hpp">
      <Filter>头文件</Filter>
    </ClInclude>
    <ClInclude Include="MinHeap.hpp">
      <Filter>头文件</Filter>
    </ClInclude>
    <ClInclude Include="MinIndexHeap.hpp">
      <Filter>头文件</Filter>
    </ClInclude>
    <ClInclude Include="Tree.hpp">
      <Filter>头文件</Filter>
    </ClInclude>
    <ClInclude Include="WQUPCUFSet.hpp">
      <Filter>头文件</Filter>
    </ClInclude>
    <ClInclude Include="WUSGraphClient.hpp">
      <Filter>头文件</Filter>
    </ClInclude>
    <ClInclude Include="Forest.hpp">
      <Filter>头文件</Filter>
    </ClInclude>
    <ClInclude Include="MinSpanForest.hpp">
      <Filter>头文件</Filter>
    </ClInclude>
    <ClInclude Include="RoutePlanningSystem.hpp">
      <Filter>头文件</Filter>
    </ClInclude>
    <ClInclude Include="MaxIndexHeap.h">
      <Filter>头文件</Filter>
    </ClInclude>
    <ClInclude Include="TrafficAdvisory.h">
      <Filter>头文件</Filter>
    </ClInclude>
    <ClInclude Include="TrafficAdvisoryCheck.h">
      <Filter>头文件</Filter>
    </ClInclude>
    <ClInclude Include="UtilitiesRandom.h">
      <Filter>头文件</Filter>
    </ClInclude>
    <ClInclude Include="UtilitiesSpeedTest.h">
      <Filter>头文件</Filter>
    </ClInclude>
    <ClInclude Include="UtilitiesString.h">
      <Filter>头文件</Filter>
    </ClInclude>
    <ClInclude Include="UtilitiesTime.h">
      <Filter>头文件</Filter>
    </ClInclude>
  </ItemGroup>
  <ItemGroup>
    <None Include=".runsettings">
      <Filter>源文件</Filter>
    </None>
  </ItemGroup>
  <ItemGroup>
    <ClCompile Include="catchmain.cpp">
      <Filter>源文件</Filter>
    </ClCompile>
    <ClCompile Include="test_DbLinkedList.cpp">
      <Filter>源文件</Filter>
    </ClCompile>
    <ClCompile Include="HashMap.hpp">
      <Filter>头文件</Filter>
    </ClCompile>
    <ClCompile Include="test_ExpandableArrayList.cpp">
      <Filter>源文件</Filter>
    </ClCompile>
    <ClCompile Include="test_HashTable.cpp">
      <Filter>源文件</Filter>
    </ClCompile>
    <ClCompile Include="test_HashMap.cpp">
      <Filter>源文件</Filter>
    </ClCompile>
    <ClCompile Include="test_WUSGraph.cpp">
      <Filter>源文件</Filter>
    </ClCompile>
    <ClCompile Include="test_WUSGraph2.cpp">
      <Filter>源文件</Filter>
    </ClCompile>
    <ClCompile Include="teat_WQUPCUFSet.cpp">
      <Filter>源文件</Filter>
    </ClCompile>
    <ClCompile Include="test_MinHeap.cpp">
      <Filter>源文件</Filter>
    </ClCompile>
    <ClCompile Include="test_MinindexHeap.cpp">
      <Filter>源文件</Filter>
    </ClCompile>
    <ClCompile Include="test_performance_HashMap.cpp">
      <Filter>源文件</Filter>
    </ClCompile>
    <ClCompile Include="test_tree.cpp">
      <Filter>源文件</Filter>
    </ClCompile>
    <ClCompile Include="test_Forest.cpp">
      <Filter>源文件</Filter>
    </ClCompile>
    <ClCompile Include="test_Kruskal.cpp">
      <Filter>源文件</Filter>
    </ClCompile>
    <ClCompile Include="test_Dijkstra.cpp">
      <Filter>源文件</Filter>
    </ClCompile>
    <ClCompile Include="1tests_TrafficAdvisory_given.cpp">
      <Filter>源文件</Filter>
    </ClCompile>
    <ClCompile Include="test_RoutePlanningSystem.cpp">
      <Filter>源文件</Filter>
    </ClCompile>
    <ClCompile Include="2tests_TrafficAdvisory_YoursJob.cpp">
      <Filter>源文件</Filter>
    </ClCompile>
    <ClCompile Include="3SpeedTests_TrafficAdvisory_given.cpp">
      <Filter>源文件</Filter>
    </ClCompile>
  </ItemGroup>
</Project>